
Microsoft Visual Studio Solution File, Format Version 12.00
# Visual Studio Version 17
VisualStudioVersion = 17.14.36623.8 d17.14
MinimumVisualStudioVersion = 10.0.40219.1
Project("{FAE04EC0-301F-11D3-BF4B-00C04F79EFBC}") = "OnlineShoppingManagementSystem", "OnlineShoppingManagementSystem.csproj", "{653A6953-493B-49D1-A15F-922A59B35814}"
EndProject
Global
	GlobalSection(SolutionConfigurationPlatforms) = preSolution
		Debug|Any CPU = Debug|Any CPU
		Release|Any CPU = Release|Any CPU
	EndGlobalSection
	GlobalSection(ProjectConfigurationPlatforms) = postSolution
		{653A6953-493B-49D1-A15F-922A59B35814}.Debug|Any CPU.ActiveCfg = Debug|Any CPU
		{653A6953-493B-49D1-A15F-922A59B35814}.Debug|Any CPU.Build.0 = Debug|Any CPU
		{653A6953-493B-49D1-A15F-922A59B35814}.Release|Any CPU.ActiveCfg = Release|Any CPU
		{653A6953-493B-49D1-A15F-922A59B35814}.Release|Any CPU.Build.0 = Release|Any CPU
	EndGlobalSection
	GlobalSection(SolutionProperties) = preSolution
		HideSolutionNode = FALSE
	EndGlobalSection
	GlobalSection(ExtensibilityGlobals) = postSolution
		SolutionGuid = {4A666B95-EE68-43C0-B5A2-840B9F5AFE86}
	EndGlobalSection
EndGlobal
